{
  "name": "@kvoon/pi-voice",
  "version": "0.1.0",
  "lockfileVersion": 3,
  "requires": true,
  "packages": {
    "": {
      "name": "@kvoon/pi-voice",
      "version": "0.1.0",
      "license": "MIT",
      "dependencies": {
        "@picovoice/pvrecorder-node": "1.2.9",
        "typebox": "1.3.34"
      },
      "engines": {
        "node": ">=22"
      }
    },
    "node_modules/@picovoice/pvrecorder-node": {
      "version": "1.2.9",
      "resolved": "https://registry.npmjs.org/@picovoice/pvrecorder-node/-/pvrecorder-node-1.2.9.tgz",
      "integrity": "sha512-e398ue4G8YihrnnyTpnVePvOiBEM5+R4D+ChoyyeC8J8KFBMuhGrZwrdmpIPqDqCjCA+YqO2mFaicHstVhEpcg==",
      "license": "Apache-2.0",
      "engines": {
        "node": ">=18.0.0"
      }
    },
    "node_modules/typebox": {
      "version": "1.3.34",
      "resolved": "https://registry.npmjs.org/typebox/-/typebox-1.3.34.tgz",
      "integrity": "sha512-wbnzrXXDW8xEFHDZZs2jo1MkhaYlKAY4FRhpBc1+2LF1fZVBGCXGdLEhA/Z/NBbgzJMFfeM8m7elKPa/+KxaUQ==",
      "license": "MIT"
    }
  }
}
